
Microsoft Visual Studio Solution File, Format Version 12.00
# Visual Studio Version 16
VisualStudioVersion = 16.0.30413.136
MinimumVisualStudioVersion = 10.0.40219.1
Project("{FAE04EC0-301F-11D3-BF4B-00C04F79EFBC}") = "ExBasics7", "ExBasics7\ExBasics7.csproj", "{500696BF-FDD8-4B02-9F4F-E4B181890DAF}"
EndProject
Global
	GlobalSection(SolutionConfigurationPlatforms) = preSolution
		Debug|Any CPU = Debug|Any CPU
		Release|Any CPU = Release|Any CPU
	EndGlobalSection
	GlobalSection(ProjectConfigurationPlatforms) = postSolution
		{500696BF-FDD8-4B02-9F4F-E4B181890DAF}.Debug|Any CPU.ActiveCfg = Debug|Any CPU
		{500696BF-FDD8-4B02-9F4F-E4B181890DAF}.Debug|Any CPU.Build.0 = Debug|Any CPU
		{500696BF-FDD8-4B02-9F4F-E4B181890DAF}.Release|Any CPU.ActiveCfg = Release|Any CPU
		{500696BF-FDD8-4B02-9F4F-E4B181890DAF}.Release|Any CPU.Build.0 = Release|Any CPU
	EndGlobalSection
	GlobalSection(SolutionProperties) = preSolution
		HideSolutionNode = FALSE
	EndGlobalSection
	GlobalSection(ExtensibilityGlobals) = postSolution
		SolutionGuid = {4CAAFE7E-6BB0-4830-BDB3-1EBEAA554BF3}
	EndGlobalSection
EndGlobal
