
Microsoft Visual Studio Solution File, Format Version 12.00
# Visual Studio Version 16
VisualStudioVersion = 16.0.30413.136
MinimumVisualStudioVersion = 10.0.40219.1
Project("{FAE04EC0-301F-11D3-BF4B-00C04F79EFBC}") = "ExeBasics_9", "ExeBasics_9\ExeBasics_9.csproj", "{4ABA9946-1DC6-4D16-82ED-0546F17C6750}"
EndProject
Global
	GlobalSection(SolutionConfigurationPlatforms) = preSolution
		Debug|Any CPU = Debug|Any CPU
		Release|Any CPU = Release|Any CPU
	EndGlobalSection
	GlobalSection(ProjectConfigurationPlatforms) = postSolution
		{4ABA9946-1DC6-4D16-82ED-0546F17C6750}.Debug|Any CPU.ActiveCfg = Debug|Any CPU
		{4ABA9946-1DC6-4D16-82ED-0546F17C6750}.Debug|Any CPU.Build.0 = Debug|Any CPU
		{4ABA9946-1DC6-4D16-82ED-0546F17C6750}.Release|Any CPU.ActiveCfg = Release|Any CPU
		{4ABA9946-1DC6-4D16-82ED-0546F17C6750}.Release|Any CPU.Build.0 = Release|Any CPU
	EndGlobalSection
	GlobalSection(SolutionProperties) = preSolution
		HideSolutionNode = FALSE
	EndGlobalSection
	GlobalSection(ExtensibilityGlobals) = postSolution
		SolutionGuid = {C2543832-0619-4BF5-8328-6B729F3520C0}
	EndGlobalSection
EndGlobal
