
Microsoft Visual Studio Solution File, Format Version 12.00
# Visual Studio Version 16
VisualStudioVersion = 16.0.30413.136
MinimumVisualStudioVersion = 10.0.40219.1
Project("{FAE04EC0-301F-11D3-BF4B-00C04F79EFBC}") = "ExeBasics_2", "ExeBasics_2\ExeBasics_2.csproj", "{C13E5B10-77A3-4F48-BA96-DC0B70B08F32}"
EndProject
Global
	GlobalSection(SolutionConfigurationPlatforms) = preSolution
		Debug|Any CPU = Debug|Any CPU
		Release|Any CPU = Release|Any CPU
	EndGlobalSection
	GlobalSection(ProjectConfigurationPlatforms) = postSolution
		{C13E5B10-77A3-4F48-BA96-DC0B70B08F32}.Debug|Any CPU.ActiveCfg = Debug|Any CPU
		{C13E5B10-77A3-4F48-BA96-DC0B70B08F32}.Debug|Any CPU.Build.0 = Debug|Any CPU
		{C13E5B10-77A3-4F48-BA96-DC0B70B08F32}.Release|Any CPU.ActiveCfg = Release|Any CPU
		{C13E5B10-77A3-4F48-BA96-DC0B70B08F32}.Release|Any CPU.Build.0 = Release|Any CPU
	EndGlobalSection
	GlobalSection(SolutionProperties) = preSolution
		HideSolutionNode = FALSE
	EndGlobalSection
	GlobalSection(ExtensibilityGlobals) = postSolution
		SolutionGuid = {73C2094F-12DD-47A7-BD99-BEC48650D5E9}
	EndGlobalSection
EndGlobal
